
Microsoft Visual Studio Solution File, Format Version 12.00
# Visual Studio Version 16
VisualStudioVersion = 16.0.31702.278
MinimumVisualStudioVersion = 10.0.40219.1
Project("{FAE04EC0-301F-11D3-BF4B-00C04F79EFBC}") = "SimpleAPI", "SimpleAPI\SimpleAPI.csproj", "{D04EE41C-E4CC-4BCC-B39E-A3A23B19AA72}"
EndProject
Project("{FAE04EC0-301F-11D3-BF4B-00C04F79EFBC}") = "SimpleUI", "SimpleUI\SimpleUI.csproj", "{F04ED213-0D39-4D35-AFB2-7D6F5C50E4DF}"
EndProject
Global
	GlobalSection(SolutionConfigurationPlatforms) = preSolution
		Debug|Any CPU = Debug|Any CPU
		Release|Any CPU = Release|Any CPU
	EndGlobalSection
	GlobalSection(ProjectConfigurationPlatforms) = postSolution
		{D04EE41C-E4CC-4BCC-B39E-A3A23B19AA72}.Debug|Any CPU.ActiveCfg = Debug|Any CPU
		{D04EE41C-E4CC-4BCC-B39E-A3A23B19AA72}.Debug|Any CPU.Build.0 = Debug|Any CPU
		{D04EE41C-E4CC-4BCC-B39E-A3A23B19AA72}.Release|Any CPU.ActiveCfg = Release|Any CPU
		{D04EE41C-E4CC-4BCC-B39E-A3A23B19AA72}.Release|Any CPU.Build.0 = Release|Any CPU
		{F04ED213-0D39-4D35-AFB2-7D6F5C50E4DF}.Debug|Any CPU.ActiveCfg = Debug|Any CPU
		{F04ED213-0D39-4D35-AFB2-7D6F5C50E4DF}.Debug|Any CPU.Build.0 = Debug|Any CPU
		{F04ED213-0D39-4D35-AFB2-7D6F5C50E4DF}.Release|Any CPU.ActiveCfg = Release|Any CPU
		{F04ED213-0D39-4D35-AFB2-7D6F5C50E4DF}.Release|Any CPU.Build.0 = Release|Any CPU
	EndGlobalSection
	GlobalSection(SolutionProperties) = preSolution
		HideSolutionNode = FALSE
	EndGlobalSection
	GlobalSection(ExtensibilityGlobals) = postSolution
		SolutionGuid = {88B57DF3-DAFF-4A15-95EA-15378B91D8C6}
	EndGlobalSection
EndGlobal
